
Microsoft Visual Studio Solution File, Format Version 12.00
# Visual Studio 15
VisualStudioVersion = 15.0.28307.852
MinimumVisualStudioVersion = 10.0.40219.1
Project("{9A19103F-16F7-4668-BE54-9A1E7A4F7556}") = "Revamp.Core", "Revamp.Core\Revamp.Core.csproj", "{9E40B246-BA2E-4E82-846D-4C4334D162A6}"
EndProject
Project("{9A19103F-16F7-4668-BE54-9A1E7A4F7556}") = "Revamp", "Revamp\Revamp.csproj", "{B211BC55-6785-408F-9C47-9D852D0FA548}"
EndProject
Project("{9A19103F-16F7-4668-BE54-9A1E7A4F7556}") = "Revamp.IO", "Revamp.IO\Revamp.IO.csproj", "{C64F5DD8-0F00-42CC-B9B6-BF95D6C0843C}"
EndProject
Project("{FAE04EC0-301F-11D3-BF4B-00C04F79EFBC}") = "Revamp.IO.Structs", "Revamp.IO.Structs\Revamp.IO.Structs.csproj", "{7D6FB777-F972-4CF4-B5A6-A9C7C9EA2DAF}"
EndProject
Project("{FAE04EC0-301F-11D3-BF4B-00C04F79EFBC}") = "Revamp.IO.DB.Bridge", "Revamp.IO.DB.Bridge\Revamp.IO.DB.Bridge.csproj", "{F751DF9F-30A5-48C0-AD62-9C83144F6BF2}"
	ProjectSection(ProjectDependencies) = postProject
		{7D6FB777-F972-4CF4-B5A6-A9C7C9EA2DAF} = {7D6FB777-F972-4CF4-B5A6-A9C7C9EA2DAF}
		{AA5D7FB8-6FBC-47B0-9295-68881B6330EE} = {AA5D7FB8-6FBC-47B0-9295-68881B6330EE}
	EndProjectSection
EndProject
Project("{FAE04EC0-301F-11D3-BF4B-00C04F79EFBC}") = "Revamp.IO.Tools", "Revamp.IO.Tools\Revamp.IO.Tools.csproj", "{AA5D7FB8-6FBC-47B0-9295-68881B6330EE}"
EndProject
Global
	GlobalSection(SolutionConfigurationPlatforms) = preSolution
		AWS|Any CPU = AWS|Any CPU
		Azure|Any CPU = Azure|Any CPU
		Debug|Any CPU = Debug|Any CPU
		NMPDC|Any CPU = NMPDC|Any CPU
		Release|Any CPU = Release|Any CPU
		Risi Debug|Any CPU = Risi Debug|Any CPU
	EndGlobalSection
	GlobalSection(ProjectConfigurationPlatforms) = postSolution
		{9E40B246-BA2E-4E82-846D-4C4334D162A6}.AWS|Any CPU.ActiveCfg = Release|Any CPU
		{9E40B246-BA2E-4E82-846D-4C4334D162A6}.AWS|Any CPU.Build.0 = Release|Any CPU
		{9E40B246-BA2E-4E82-846D-4C4334D162A6}.Azure|Any CPU.ActiveCfg = Release|Any CPU
		{9E40B246-BA2E-4E82-846D-4C4334D162A6}.Azure|Any CPU.Build.0 = Release|Any CPU
		{9E40B246-BA2E-4E82-846D-4C4334D162A6}.Debug|Any CPU.ActiveCfg = Debug|Any CPU
		{9E40B246-BA2E-4E82-846D-4C4334D162A6}.Debug|Any CPU.Build.0 = Debug|Any CPU
		{9E40B246-BA2E-4E82-846D-4C4334D162A6}.NMPDC|Any CPU.ActiveCfg = Release|Any CPU
		{9E40B246-BA2E-4E82-846D-4C4334D162A6}.NMPDC|Any CPU.Build.0 = Release|Any CPU
		{9E40B246-BA2E-4E82-846D-4C4334D162A6}.Release|Any CPU.ActiveCfg = Release|Any CPU
		{9E40B246-BA2E-4E82-846D-4C4334D162A6}.Release|Any CPU.Build.0 = Release|Any CPU
		{9E40B246-BA2E-4E82-846D-4C4334D162A6}.Risi Debug|Any CPU.ActiveCfg = Debug|Any CPU
		{9E40B246-BA2E-4E82-846D-4C4334D162A6}.Risi Debug|Any CPU.Build.0 = Debug|Any CPU
		{B211BC55-6785-408F-9C47-9D852D0FA548}.AWS|Any CPU.ActiveCfg = Debug|Any CPU
		{B211BC55-6785-408F-9C47-9D852D0FA548}.AWS|Any CPU.Build.0 = Debug|Any CPU
		{B211BC55-6785-408F-9C47-9D852D0FA548}.Azure|Any CPU.ActiveCfg = Debug|Any CPU
		{B211BC55-6785-408F-9C47-9D852D0FA548}.Azure|Any CPU.Build.0 = Debug|Any CPU
		{B211BC55-6785-408F-9C47-9D852D0FA548}.Debug|Any CPU.ActiveCfg = Debug|Any CPU
		{B211BC55-6785-408F-9C47-9D852D0FA548}.Debug|Any CPU.Build.0 = Debug|Any CPU
		{B211BC55-6785-408F-9C47-9D852D0FA548}.NMPDC|Any CPU.ActiveCfg = Debug|Any CPU
		{B211BC55-6785-408F-9C47-9D852D0FA548}.NMPDC|Any CPU.Build.0 = Debug|Any CPU
		{B211BC55-6785-408F-9C47-9D852D0FA548}.Release|Any CPU.ActiveCfg = Release|Any CPU
		{B211BC55-6785-408F-9C47-9D852D0FA548}.Release|Any CPU.Build.0 = Release|Any CPU
		{B211BC55-6785-408F-9C47-9D852D0FA548}.Risi Debug|Any CPU.ActiveCfg = Debug|Any CPU
		{B211BC55-6785-408F-9C47-9D852D0FA548}.Risi Debug|Any CPU.Build.0 = Debug|Any CPU
		{C64F5DD8-0F00-42CC-B9B6-BF95D6C0843C}.AWS|Any CPU.ActiveCfg = Debug|Any CPU
		{C64F5DD8-0F00-42CC-B9B6-BF95D6C0843C}.AWS|Any CPU.Build.0 = Debug|Any CPU
		{C64F5DD8-0F00-42CC-B9B6-BF95D6C0843C}.Azure|Any CPU.ActiveCfg = Debug|Any CPU
		{C64F5DD8-0F00-42CC-B9B6-BF95D6C0843C}.Azure|Any CPU.Build.0 = Debug|Any CPU
		{C64F5DD8-0F00-42CC-B9B6-BF95D6C0843C}.Debug|Any CPU.ActiveCfg = Debug|Any CPU
		{C64F5DD8-0F00-42CC-B9B6-BF95D6C0843C}.Debug|Any CPU.Build.0 = Debug|Any CPU
		{C64F5DD8-0F00-42CC-B9B6-BF95D6C0843C}.NMPDC|Any CPU.ActiveCfg = Debug|Any CPU
		{C64F5DD8-0F00-42CC-B9B6-BF95D6C0843C}.NMPDC|Any CPU.Build.0 = Debug|Any CPU
		{C64F5DD8-0F00-42CC-B9B6-BF95D6C0843C}.Release|Any CPU.ActiveCfg = Release|Any CPU
		{C64F5DD8-0F00-42CC-B9B6-BF95D6C0843C}.Release|Any CPU.Build.0 = Release|Any CPU
		{C64F5DD8-0F00-42CC-B9B6-BF95D6C0843C}.Risi Debug|Any CPU.ActiveCfg = Debug|Any CPU
		{C64F5DD8-0F00-42CC-B9B6-BF95D6C0843C}.Risi Debug|Any CPU.Build.0 = Debug|Any CPU
		{7D6FB777-F972-4CF4-B5A6-A9C7C9EA2DAF}.AWS|Any CPU.ActiveCfg = Debug|Any CPU
		{7D6FB777-F972-4CF4-B5A6-A9C7C9EA2DAF}.AWS|Any CPU.Build.0 = Debug|Any CPU
		{7D6FB777-F972-4CF4-B5A6-A9C7C9EA2DAF}.Azure|Any CPU.ActiveCfg = Debug|Any CPU
		{7D6FB777-F972-4CF4-B5A6-A9C7C9EA2DAF}.Azure|Any CPU.Build.0 = Debug|Any CPU
		{7D6FB777-F972-4CF4-B5A6-A9C7C9EA2DAF}.Debug|Any CPU.ActiveCfg = Debug|Any CPU
		{7D6FB777-F972-4CF4-B5A6-A9C7C9EA2DAF}.Debug|Any CPU.Build.0 = Debug|Any CPU
		{7D6FB777-F972-4CF4-B5A6-A9C7C9EA2DAF}.NMPDC|Any CPU.ActiveCfg = Debug|Any CPU
		{7D6FB777-F972-4CF4-B5A6-A9C7C9EA2DAF}.NMPDC|Any CPU.Build.0 = Debug|Any CPU
		{7D6FB777-F972-4CF4-B5A6-A9C7C9EA2DAF}.Release|Any CPU.ActiveCfg = Release|Any CPU
		{7D6FB777-F972-4CF4-B5A6-A9C7C9EA2DAF}.Release|Any CPU.Build.0 = Release|Any CPU
		{7D6FB777-F972-4CF4-B5A6-A9C7C9EA2DAF}.Risi Debug|Any CPU.ActiveCfg = Debug|Any CPU
		{7D6FB777-F972-4CF4-B5A6-A9C7C9EA2DAF}.Risi Debug|Any CPU.Build.0 = Debug|Any CPU
		{F751DF9F-30A5-48C0-AD62-9C83144F6BF2}.AWS|Any CPU.ActiveCfg = Debug|Any CPU
		{F751DF9F-30A5-48C0-AD62-9C83144F6BF2}.AWS|Any CPU.Build.0 = Debug|Any CPU
		{F751DF9F-30A5-48C0-AD62-9C83144F6BF2}.Azure|Any CPU.ActiveCfg = Debug|Any CPU
		{F751DF9F-30A5-48C0-AD62-9C83144F6BF2}.Azure|Any CPU.Build.0 = Debug|Any CPU
		{F751DF9F-30A5-48C0-AD62-9C83144F6BF2}.Debug|Any CPU.ActiveCfg = Debug|Any CPU
		{F751DF9F-30A5-48C0-AD62-9C83144F6BF2}.Debug|Any CPU.Build.0 = Debug|Any CPU
		{F751DF9F-30A5-48C0-AD62-9C83144F6BF2}.NMPDC|Any CPU.ActiveCfg = Debug|Any CPU
		{F751DF9F-30A5-48C0-AD62-9C83144F6BF2}.NMPDC|Any CPU.Build.0 = Debug|Any CPU
		{F751DF9F-30A5-48C0-AD62-9C83144F6BF2}.Release|Any CPU.ActiveCfg = Release|Any CPU
		{F751DF9F-30A5-48C0-AD62-9C83144F6BF2}.Release|Any CPU.Build.0 = Release|Any CPU
		{F751DF9F-30A5-48C0-AD62-9C83144F6BF2}.Risi Debug|Any CPU.ActiveCfg = Debug|Any CPU
		{F751DF9F-30A5-48C0-AD62-9C83144F6BF2}.Risi Debug|Any CPU.Build.0 = Debug|Any CPU
		{AA5D7FB8-6FBC-47B0-9295-68881B6330EE}.AWS|Any CPU.ActiveCfg = Debug|Any CPU
		{AA5D7FB8-6FBC-47B0-9295-68881B6330EE}.AWS|Any CPU.Build.0 = Debug|Any CPU
		{AA5D7FB8-6FBC-47B0-9295-68881B6330EE}.Azure|Any CPU.ActiveCfg = Debug|Any CPU
		{AA5D7FB8-6FBC-47B0-9295-68881B6330EE}.Azure|Any CPU.Build.0 = Debug|Any CPU
		{AA5D7FB8-6FBC-47B0-9295-68881B6330EE}.Debug|Any CPU.ActiveCfg = Debug|Any CPU
		{AA5D7FB8-6FBC-47B0-9295-68881B6330EE}.Debug|Any CPU.Build.0 = Debug|Any CPU
		{AA5D7FB8-6FBC-47B0-9295-68881B6330EE}.NMPDC|Any CPU.ActiveCfg = Debug|Any CPU
		{AA5D7FB8-6FBC-47B0-9295-68881B6330EE}.NMPDC|Any CPU.Build.0 = Debug|Any CPU
		{AA5D7FB8-6FBC-47B0-9295-68881B6330EE}.Release|Any CPU.ActiveCfg = Release|Any CPU
		{AA5D7FB8-6FBC-47B0-9295-68881B6330EE}.Release|Any CPU.Build.0 = Release|Any CPU
		{AA5D7FB8-6FBC-47B0-9295-68881B6330EE}.Risi Debug|Any CPU.ActiveCfg = Debug|Any CPU
		{AA5D7FB8-6FBC-47B0-9295-68881B6330EE}.Risi Debug|Any CPU.Build.0 = Debug|Any CPU
	EndGlobalSection
	GlobalSection(SolutionProperties) = preSolution
		HideSolutionNode = FALSE
	EndGlobalSection
	GlobalSection(ExtensibilityGlobals) = postSolution
		SolutionGuid = {4AF4479B-3B9B-40C3-8BDF-9EBB3E49BDB5}
	EndGlobalSection
EndGlobal
